
Microsoft Visual Studio Solution File, Format Version 12.00
# Visual Studio Version 17
VisualStudioVersion = 17.2.32602.215
MinimumVisualStudioVersion = 10.0.40219.1
Project("{FAE04EC0-301F-11D3-BF4B-00C04F79EFBC}") = "GitTest", "GitTest\GitTest.csproj", "{019F17DA-0C7E-4572-9152-9EF7E533B490}"
EndProject
Global
	GlobalSection(SolutionConfigurationPlatforms) = preSolution
		Debug|Any CPU = Debug|Any CPU
		Release|Any CPU = Release|Any CPU
	EndGlobalSection
	GlobalSection(ProjectConfigurationPlatforms) = postSolution
		{019F17DA-0C7E-4572-9152-9EF7E533B490}.Debug|Any CPU.ActiveCfg = Debug|Any CPU
		{019F17DA-0C7E-4572-9152-9EF7E533B490}.Debug|Any CPU.Build.0 = Debug|Any CPU
		{019F17DA-0C7E-4572-9152-9EF7E533B490}.Release|Any CPU.ActiveCfg = Release|Any CPU
		{019F17DA-0C7E-4572-9152-9EF7E533B490}.Release|Any CPU.Build.0 = Release|Any CPU
	EndGlobalSection
	GlobalSection(SolutionProperties) = preSolution
		HideSolutionNode = FALSE
	EndGlobalSection
	GlobalSection(ExtensibilityGlobals) = postSolution
		SolutionGuid = {2033E11E-6DAE-45F3-B658-EF8EDE8B74B2}
	EndGlobalSection
EndGlobal
